
Microsoft Visual Studio Solution File, Format Version 12.00
# Visual Studio Version 17
VisualStudioVersion = 17.7.34221.43
MinimumVisualStudioVersion = 10.0.40219.1
Project("{FAE04EC0-301F-11D3-BF4B-00C04F79EFBC}") = "ConAppMovies", "ConAppMovies\ConAppMovies.csproj", "{843BB6D6-D981-4816-B2B3-E14297A732EF}"
EndProject
Global
	GlobalSection(SolutionConfigurationPlatforms) = preSolution
		Debug|Any CPU = Debug|Any CPU
		Release|Any CPU = Release|Any CPU
	EndGlobalSection
	GlobalSection(ProjectConfigurationPlatforms) = postSolution
		{843BB6D6-D981-4816-B2B3-E14297A732EF}.Debug|Any CPU.ActiveCfg = Debug|Any CPU
		{843BB6D6-D981-4816-B2B3-E14297A732EF}.Debug|Any CPU.Build.0 = Debug|Any CPU
		{843BB6D6-D981-4816-B2B3-E14297A732EF}.Release|Any CPU.ActiveCfg = Release|Any CPU
		{843BB6D6-D981-4816-B2B3-E14297A732EF}.Release|Any CPU.Build.0 = Release|Any CPU
	EndGlobalSection
	GlobalSection(SolutionProperties) = preSolution
		HideSolutionNode = FALSE
	EndGlobalSection
	GlobalSection(ExtensibilityGlobals) = postSolution
		SolutionGuid = {A5000A34-D3B6-4262-B007-1F9AEE744BD1}
	EndGlobalSection
EndGlobal
